// !$*UTF8*$!
{
	archiveVersion = 1;
	classes = {
	};
	objectVersion = 50;
	objects = {

/* Begin PBXBuildFile section */
		E2275C3F2644341100E8B91D /* PieChartView.swift in Sources */ = {isa = PBXBuildFile; fileRef = E2275C3E2644341100E8B91D /* PieChartView.swift */; };
		E27595DE26442BC200B8D65B /* PieChartCell.swift in Sources */ = {isa = PBXBuildFile; fileRef = E27595DD26442BC200B8D65B /* PieChartCell.swift */; };
		E27595E026442BEC00B8D65B /* CGRect.swift in Sources */ = {isa = PBXBuildFile; fileRef = E27595DF26442BEC00B8D65B /* CGRect.swift */; };
		E2775101263D7A3E00ABA446 /* BarChartView.swift in Sources */ = {isa = PBXBuildFile; fileRef = E2775100263D7A3E00ABA446 /* BarChartView.swift */; };
		E297A2EE2645139000207DDC /* ChartData.swift in Sources */ = {isa = PBXBuildFile; fileRef = E297A2ED2645139000207DDC /* ChartData.swift */; };
		E297A2F0264519B300207DDC /* Color.swift in Sources */ = {isa = PBXBuildFile; fileRef = E297A2EF264519B300207DDC /* Color.swift */; };
		E2CDCAB9263C9B8A00C658C2 /* SwiftUIChartsApp.swift in Sources */ = {isa = PBXBuildFile; fileRef = E2CDCAB8263C9B8A00C658C2 /* SwiftUIChartsApp.swift */; };
		E2CDCABB263C9B8A00C658C2 /* BarChartCell.swift in Sources */ = {isa = PBXBuildFile; fileRef = E2CDCABA263C9B8A00C658C2 /* BarChartCell.swift */; };
		E2CDCABD263C9B8B00C658C2 /* Assets.xcassets in Resources */ = {isa = PBXBuildFile; fileRef = E2CDCABC263C9B8B00C658C2 /* Assets.xcassets */; };
		E2CDCAC0263C9B8B00C658C2 /* Preview Assets.xcassets in Resources */ = {isa = PBXBuildFile; fileRef = E2CDCABF263C9B8B00C658C2 /* Preview Assets.xcassets */; };
		E2FBABFF2655349900D29B91 /* PieChartFunctionality.swift in Sources */ = {isa = PBXBuildFile; fileRef = E2FBABFE2655349900D29B91 /* PieChartFunctionality.swift */; };
/* End PBXBuildFile section */

/* Begin PBXFileReference section */
		E2275C3E2644341100E8B91D /* PieChartView.swift */ = {isa = PBXFileReference; lastKnownFileType = sourcecode.swift; path = PieChartView.swift; sourceTree = "<group>"; };
		E27595DD26442BC200B8D65B /* PieChartCell.swift */ = {isa = PBXFileReference; lastKnownFileType = sourcecode.swift; path = PieChartCell.swift; sourceTree = "<group>"; };
		E27595DF26442BEC00B8D65B /* CGRect.swift */ = {isa = PBXFileReference; lastKnownFileType = sourcecode.swift; path = CGRect.swift; sourceTree = "<group>"; };
		E2775100263D7A3E00ABA446 /* BarChartView.swift */ = {isa = PBXFileReference; lastKnownFileType = sourcecode.swift; path = BarChartView.swift; sourceTree = "<group>"; };
		E297A2ED2645139000207DDC /* ChartData.swift */ = {isa = PBXFileReference; lastKnownFileType = sourcecode.swift; path = ChartData.swift; sourceTree = "<group>"; };
		E297A2EF264519B300207DDC /* Color.swift */ = {isa = PBXFileReference; lastKnownFileType = sourcecode.swift; path = Color.swift; sourceTree = "<group>"; };
		E2CDCAB5263C9B8A00C658C2 /* SwiftUICharts.app */ = {isa = PBXFileReference; explicitFileType = wrapper.application; includeInIndex = 0; path = SwiftUICharts.app; sourceTree = BUILT_PRODUCTS_DIR; };
		E2CDCAB8263C9B8A00C658C2 /* SwiftUIChartsApp.swift */ = {isa = PBXFileReference; lastKnownFileType = sourcecode.swift; path = SwiftUIChartsApp.swift; sourceTree = "<group>"; };
		E2CDCABA263C9B8A00C658C2 /* BarChartCell.swift */ = {isa = PBXFileReference; lastKnownFileType = sourcecode.swift; path = BarChartCell.swift; sourceTree = "<group>"; };
		E2CDCABC263C9B8B00C658C2 /* Assets.xcassets */ = {isa = PBXFileReference; lastKnownFileType = folder.assetcatalog; path = Assets.xcassets; sourceTree = "<group>"; };
		E2CDCABF263C9B8B00C658C2 /* Preview Assets.xcassets */ = {isa = PBXFileReference; lastKnownFileType = folder.assetcatalog; path = "Preview Assets.xcassets"; sourceTree = "<group>"; };
		E2CDCAC1263C9B8B00C658C2 /* Info.plist */ = {isa = PBXFileReference; lastKnownFileType = text.plist.xml; path = Info.plist; sourceTree = "<group>"; };
		E2FBABFE2655349900D29B91 /* PieChartFunctionality.swift */ = {isa = PBXFileReference; lastKnownFileType = sourcecode.swift; path = PieChartFunctionality.swift; sourceTree = "<group>"; };
/* End PBXFileReference section */

/* Begin PBXFrameworksBuildPhase section */
		E2CDCAB2263C9B8A00C658C2 /* Frameworks */ = {
			isa = PBXFrameworksBuildPhase;
			buildActionMask = 2147483647;
			files = (
			);
			runOnlyForDeploymentPostprocessing = 0;
		};
/* End PBXFrameworksBuildPhase section */

/* Begin PBXGroup section */
		E27595E126442BF500B8D65B /* Extension */ = {
			isa = PBXGroup;
			children = (
				E27595DF26442BEC00B8D65B /* CGRect.swift */,
				E297A2EF264519B300207DDC /* Color.swift */,
			);
			path = Extension;
			sourceTree = "<group>";
		};
		E2CDCAAC263C9B8A00C658C2 = {
			isa = PBXGroup;
			children = (
				E2CDCAB7263C9B8A00C658C2 /* SwiftUICharts */,
				E2CDCAB6263C9B8A00C658C2 /* Products */,
			);
			sourceTree = "<group>";
		};
		E2CDCAB6263C9B8A00C658C2 /* Products */ = {
			isa = PBXGroup;
			children = (
				E2CDCAB5263C9B8A00C658C2 /* SwiftUICharts.app */,
			);
			name = Products;
			sourceTree = "<group>";
		};
		E2CDCAB7263C9B8A00C658C2 /* SwiftUICharts */ = {
			isa = PBXGroup;
			children = (
				E27595E126442BF500B8D65B /* Extension */,
				E2CDCAB8263C9B8A00C658C2 /* SwiftUIChartsApp.swift */,
				E2CDCABA263C9B8A00C658C2 /* BarChartCell.swift */,
				E2775100263D7A3E00ABA446 /* BarChartView.swift */,
				E27595DD26442BC200B8D65B /* PieChartCell.swift */,
				E2275C3E2644341100E8B91D /* PieChartView.swift */,
				E297A2ED2645139000207DDC /* ChartData.swift */,
				E2FBABFD2655347700D29B91 /* Functionality */,
				E2CDCABC263C9B8B00C658C2 /* Assets.xcassets */,
				E2CDCAC1263C9B8B00C658C2 /* Info.plist */,
				E2CDCABE263C9B8B00C658C2 /* Preview Content */,
			);
			path = SwiftUICharts;
			sourceTree = "<group>";
		};
		E2CDCABE263C9B8B00C658C2 /* Preview Content */ = {
			isa = PBXGroup;
			children = (
				E2CDCABF263C9B8B00C658C2 /* Preview Assets.xcassets */,
			);
			path = "Preview Content";
			sourceTree = "<group>";
		};
		E2FBABFD2655347700D29B91 /* Functionality */ = {
			isa = PBXGroup;
			children = (
				E2FBABFE2655349900D29B91 /* PieChartFunctionality.swift */,
			);
			path = Functionality;
			sourceTree = "<group>";
		};
/* End PBXGroup section */

/* Begin PBXNativeTarget section */
		E2CDCAB4263C9B8A00C658C2 /* SwiftUICharts */ = {
			isa = PBXNativeTarget;
			buildConfigurationList = E2CDCAC4263C9B8B00C658C2 /* Build configuration list for PBXNativeTarget "SwiftUICharts" */;
			buildPhases = (
				E2CDCAB1263C9B8A00C658C2 /* Sources */,
				E2CDCAB2263C9B8A00C658C2 /* Frameworks */,
				E2CDCAB3263C9B8A00C658C2 /* Resources */,
			);
			buildRules = (
			);
			dependencies = (
			);
			name = SwiftUICharts;
			productName = SwiftUICharts;
			productReference = E2CDCAB5263C9B8A00C658C2 /* SwiftUICharts.app */;
			productType = "com.apple.product-type.application";
		};
/* End PBXNativeTarget section */

/* Begin PBXProject section */
		E2CDCAAD263C9B8A00C658C2 /* Project object */ = {
			isa = PBXProject;
			attributes = {
				LastSwiftUpdateCheck = 1250;
				LastUpgradeCheck = 1250;
				TargetAttributes = {
					E2CDCAB4263C9B8A00C658C2 = {
						CreatedOnToolsVersion = 12.5;
					};
				};
			};
			buildConfigurationList = E2CDCAB0263C9B8A00C658C2 /* Build configuration list for PBXProject "SwiftUICharts" */;
			compatibilityVersion = "Xcode 9.3";
			developmentRegion = en;
			hasScannedForEncodings = 0;
			knownRegions = (
				en,
				Base,
			);
			mainGroup = E2CDCAAC263C9B8A00C658C2;
			productRefGroup = E2CDCAB6263C9B8A00C658C2 /* Products */;
			projectDirPath = "";
			projectRoot = "";
			targets = (
				E2CDCAB4263C9B8A00C658C2 /* SwiftUICharts */,
			);
		};
/* End PBXProject section */

/* Begin PBXResourcesBuildPhase section */
		E2CDCAB3263C9B8A00C658C2 /* Resources */ = {
			isa = PBXResourcesBuildPhase;
			buildActionMask = 2147483647;
			files = (
				E2CDCAC0263C9B8B00C658C2 /* Preview Assets.xcassets in Resources */,
				E2CDCABD263C9B8B00C658C2 /* Assets.xcassets in Resources */,
			);
			runOnlyForDeploymentPostprocessing = 0;
		};
/* End PBXResourcesBuildPhase section */

/* Begin PBXSourcesBuildPhase section */
		E2CDCAB1263C9B8A00C658C2 /* Sources */ = {
			isa = PBXSourcesBuildPhase;
			buildActionMask = 2147483647;
			files = (
				E2275C3F2644341100E8B91D /* PieChartView.swift in Sources */,
				E2CDCABB263C9B8A00C658C2 /* BarChartCell.swift in Sources */,
				E27595DE26442BC200B8D65B /* PieChartCell.swift in Sources */,
				E27595E026442BEC00B8D65B /* CGRect.swift in Sources */,
				E2FBABFF2655349900D29B91 /* PieChartFunctionality.swift in Sources */,
				E297A2EE2645139000207DDC /* ChartData.swift in Sources */,
				E297A2F0264519B300207DDC /* Color.swift in Sources */,
				E2CDCAB9263C9B8A00C658C2 /* SwiftUIChartsApp.swift in Sources */,
				E2775101263D7A3E00ABA446 /* BarChartView.swift in Sources */,
			);
			runOnlyForDeploymentPostprocessing = 0;
		};
/* End PBXSourcesBuildPhase section */

/* Begin XCBuildConfiguration section */
		E2CDCAC2263C9B8B00C658C2 /* Debug */ = {
			isa = XCBuildConfiguration;
			buildSettings = {
				ALWAYS_SEARCH_USER_PATHS = NO;
				CLANG_ANALYZER_NONNULL = YES;
				CLANG_ANALYZER_NUMBER_OBJECT_CONVERSION = YES_AGGRESSIVE;
				CLANG_CXX_LANGUAGE_STANDARD = "gnu++14";
				CLANG_CXX_LIBRARY = "libc++";
				CLANG_ENABLE_MODULES = YES;
				CLANG_ENABLE_OBJC_ARC = YES;
				CLANG_ENABLE_OBJC_WEAK = YES;
				CLANG_WARN_BLOCK_CAPTURE_AUTORELEASING = YES;
				CLANG_WARN_BOOL_CONVERSION = YES;
				CLANG_WARN_COMMA = YES;
				CLANG_WARN_CONSTANT_CONVERSION = YES;
				CLANG_WARN_DEPRECATED_OBJC_IMPLEMENTATIONS = YES;
				CLANG_WARN_DIRECT_OBJC_ISA_USAGE = YES_ERROR;
				CLANG_WARN_DOCUMENTATION_COMMENTS = YES;
				CLANG_WARN_EMPTY_BODY = YES;
				CLANG_WARN_ENUM_CONVERSION = YES;
				CLANG_WARN_INFINITE_RECURSION = YES;
				CLANG_WARN_INT_CONVERSION = YES;
				CLANG_WARN_NON_LITERAL_NULL_CONVERSION = YES;
				CLANG_WARN_OBJC_IMPLICIT_RETAIN_SELF = YES;
				CLANG_WARN_OBJC_LITERAL_CONVERSION = YES;
				CLANG_WARN_OBJC_ROOT_CLASS = YES_ERROR;
				CLANG_WARN_QUOTED_INCLUDE_IN_FRAMEWORK_HEADER = YES;
				CLANG_WARN_RANGE_LOOP_ANALYSIS = YES;
				CLANG_WARN_STRICT_PROTOTYPES = YES;
				CLANG_WARN_SUSPICIOUS_MOVE = YES;
				CLANG_WARN_UNGUARDED_AVAILABILITY = YES_AGGRESSIVE;
				CLANG_WARN_UNREACHABLE_CODE = YES;
				CLANG_WARN__DUPLICATE_METHOD_MATCH = YES;
				COPY_PHASE_STRIP = NO;
				DEBUG_INFORMATION_FORMAT = dwarf;
				ENABLE_STRICT_OBJC_MSGSEND = YES;
				ENABLE_TESTABILITY = YES;
				GCC_C_LANGUAGE_STANDARD = gnu11;
				GCC_DYNAMIC_NO_PIC = NO;
				GCC_NO_COMMON_BLOCKS = YES;
				GCC_OPTIMIZATION_LEVEL = 0;
				GCC_PREPROCESSOR_DEFINITIONS = (
					"DEBUG=1",
					"$(inherited)",
				);
				GCC_WARN_64_TO_32_BIT_CONVERSION = YES;
				GCC_WARN_ABOUT_RETURN_TYPE = YES_ERROR;
				GCC_WARN_UNDECLARED_SELECTOR = YES;
				GCC_WARN_UNINITIALIZED_AUTOS = YES_AGGRESSIVE;
				GCC_WARN_UNUSED_FUNCTION = YES;
				GCC_WARN_UNUSED_VARIABLE = YES;
				IPHONEOS_DEPLOYMENT_TARGET = 14.5;
				MTL_ENABLE_DEBUG_INFO = INCLUDE_SOURCE;
				MTL_FAST_MATH = YES;
				ONLY_ACTIVE_ARCH = YES;
				SDKROOT = iphoneos;
				SWIFT_ACTIVE_COMPILATION_CONDITIONS = DEBUG;
				SWIFT_OPTIMIZATION_LEVEL = "-Onone";
			};
			name = Debug;
		};
		E2CDCAC3263C9B8B00C658C2 /* Release */ = {
			isa = XCBuildConfiguration;
			buildSettings = {
				ALWAYS_SEARCH_USER_PATHS = NO;
				CLANG_ANALYZER_NONNULL = YES;
				CLANG_ANALYZER_NUMBER_OBJECT_CONVERSION = YES_AGGRESSIVE;
				CLANG_CXX_LANGUAGE_STANDARD = "gnu++14";
				CLANG_CXX_LIBRARY = "libc++";
				CLANG_ENABLE_MODULES = YES;
				CLANG_ENABLE_OBJC_ARC = YES;
				CLANG_ENABLE_OBJC_WEAK = YES;
				CLANG_WARN_BLOCK_CAPTURE_AUTORELEASING = YES;
				CLANG_WARN_BOOL_CONVERSION = YES;
				CLANG_WARN_COMMA = YES;
				CLANG_WARN_CONSTANT_CONVERSION = YES;
				CLANG_WARN_DEPRECATED_OBJC_IMPLEMENTATIONS = YES;
				CLANG_WARN_DIRECT_OBJC_ISA_USAGE = YES_ERROR;
				CLANG_WARN_DOCUMENTATION_COMMENTS = YES;
				CLANG_WARN_EMPTY_BODY = YES;
				CLANG_WARN_ENUM_CONVERSION = YES;
				CLANG_WARN_INFINITE_RECURSION = YES;
				CLANG_WARN_INT_CONVERSION = YES;
				CLANG_WARN_NON_LITERAL_NULL_CONVERSION = YES;
				CLANG_WARN_OBJC_IMPLICIT_RETAIN_SELF = YES;
				CLANG_WARN_OBJC_LITERAL_CONVERSION = YES;
				CLANG_WARN_OBJC_ROOT_CLASS = YES_ERROR;
				CLANG_WARN_QUOTED_INCLUDE_IN_FRAMEWORK_HEADER = YES;
				CLANG_WARN_RANGE_LOOP_ANALYSIS = YES;
				CLANG_WARN_STRICT_PROTOTYPES = YES;
				CLANG_WARN_SUSPICIOUS_MOVE = YES;
				CLANG_WARN_UNGUARDED_AVAILABILITY = YES_AGGRESSIVE;
				CLANG_WARN_UNREACHABLE_CODE = YES;
				CLANG_WARN__DUPLICATE_METHOD_MATCH = YES;
				COPY_PHASE_STRIP = NO;
				DEBUG_INFORMATION_FORMAT = "dwarf-with-dsym";
				ENABLE_NS_ASSERTIONS = NO;
				ENABLE_STRICT_OBJC_MSGSEND = YES;
				GCC_C_LANGUAGE_STANDARD = gnu11;
				GCC_NO_COMMON_BLOCKS = YES;
				GCC_WARN_64_TO_32_BIT_CONVERSION = YES;
				GCC_WARN_ABOUT_RETURN_TYPE = YES_ERROR;
				GCC_WARN_UNDECLARED_SELECTOR = YES;
				GCC_WARN_UNINITIALIZED_AUTOS = YES_AGGRESSIVE;
				GCC_WARN_UNUSED_FUNCTION = YES;
				GCC_WARN_UNUSED_VARIABLE = YES;
				IPHONEOS_DEPLOYMENT_TARGET = 14.5;
				MTL_ENABLE_DEBUG_INFO = NO;
				MTL_FAST_MATH = YES;
				SDKROOT = iphoneos;
				SWIFT_COMPILATION_MODE = wholemodule;
				SWIFT_OPTIMIZATION_LEVEL = "-O";
				VALIDATE_PRODUCT = YES;
			};
			name = Release;
		};
		E2CDCAC5263C9B8B00C658C2 /* Debug */ = {
			isa = XCBuildConfiguration;
			buildSettings = {
				ASSETCATALOG_COMPILER_APPICON_NAME = AppIcon;
				ASSETCATALOG_COMPILER_GLOBAL_ACCENT_COLOR_NAME = AccentColor;
				CODE_SIGN_STYLE = Automatic;
				DEVELOPMENT_ASSET_PATHS = "\"SwiftUICharts/Preview Content\"";
				DEVELOPMENT_TEAM = TW4MPRU9AN;
				ENABLE_PREVIEWS = YES;
				INFOPLIST_FILE = SwiftUICharts/Info.plist;
				IPHONEOS_DEPLOYMENT_TARGET = 14.0;
				LD_RUNPATH_SEARCH_PATHS = (
					"$(inherited)",
					"@executable_path/Frameworks",
				);
				PRODUCT_BUNDLE_IDENTIFIER = com.mgua.SwiftUICharts;
				PRODUCT_NAME = "$(TARGET_NAME)";
				SWIFT_VERSION = 5.0;
				TARGETED_DEVICE_FAMILY = "1,2";
			};
			name = Debug;
		};
		E2CDCAC6263C9B8B00C658C2 /* Release */ = {
			isa = XCBuildConfiguration;
			buildSettings = {
				ASSETCATALOG_COMPILER_APPICON_NAME = AppIcon;
				ASSETCATALOG_COMPILER_GLOBAL_ACCENT_COLOR_NAME = AccentColor;
				CODE_SIGN_STYLE = Automatic;
				DEVELOPMENT_ASSET_PATHS = "\"SwiftUICharts/Preview Content\"";
				DEVELOPMENT_TEAM = TW4MPRU9AN;
				ENABLE_PREVIEWS = YES;
				INFOPLIST_FILE = SwiftUICharts/Info.plist;
				IPHONEOS_DEPLOYMENT_TARGET = 14.0;
				LD_RUNPATH_SEARCH_PATHS = (
					"$(inherited)",
					"@executable_path/Frameworks",
				);
				PRODUCT_BUNDLE_IDENTIFIER = com.mgua.SwiftUICharts;
				PRODUCT_NAME = "$(TARGET_NAME)";
				SWIFT_VERSION = 5.0;
				TARGETED_DEVICE_FAMILY = "1,2";
			};
			name = Release;
		};
/* End XCBuildConfiguration section */

/* Begin XCConfigurationList section */
		E2CDCAB0263C9B8A00C658C2 /* Build configuration list for PBXProject "SwiftUICharts" */ = {
			isa = XCConfigurationList;
			buildConfigurations = (
				E2CDCAC2263C9B8B00C658C2 /* Debug */,
				E2CDCAC3263C9B8B00C658C2 /* Release */,
			);
			defaultConfigurationIsVisible = 0;
			defaultConfigurationName = Release;
		};
		E2CDCAC4263C9B8B00C658C2 /* Build configuration list for PBXNativeTarget "SwiftUICharts" */ = {
			isa = XCConfigurationList;
			buildConfigurations = (
				E2CDCAC5263C9B8B00C658C2 /* Debug */,
				E2CDCAC6263C9B8B00C658C2 /* Release */,
			);
			defaultConfigurationIsVisible = 0;
			defaultConfigurationName = Release;
		};
/* End XCConfigurationList section */
	};
	rootObject = E2CDCAAD263C9B8A00C658C2 /* Project object */;
}
